{
  "object": {
    "pins": [
      {
        "package": "KeychainSwift",
        "repositoryURL": "https://github.com/evgenyneu/keychain-swift.git",
        "state": {
          "branch": null,
          "revision": "96fb84f45a96630e7583903bd7e08cf095c7a7ef",
          "version": "19.0.0"
        }
      },
      {
        "package": "SwiftyStoreKit",
        "repositoryURL": "https://github.com/bizz84/SwiftyStoreKit.git",
        "state": {
          "branch": null,
          "revision": "9974acf07b31b6f5bf363d5118dc1bd4fcac6122",
          "version": "0.16.1"
        }
      }
    ]
  },
  "version": 1
}
